// !$*UTF8*$!
{
	archiveVersion = 1;
	classes = {
	};
	objectVersion = 46;
	objects = {

/* Begin PBXBuildFile section */
		84D68E69217A1489826D7DE2 /* Pods_AlamofireDemo.framework in Frameworks */ = {isa = PBXBuildFile; fileRef = 6645788CD898D7BEBB6C3B54 /* Pods_AlamofireDemo.framework */; };
		EFC12BC31DD57A5500D0DBF0 /* AppDelegate.swift in Sources */ = {isa = PBXBuildFile; fileRef = EFC12BC21DD57A5500D0DBF0 /* AppDelegate.swift */; };
		EFC12BCA1DD57A5500D0DBF0 /* Assets.xcassets in Resources */ = {isa = PBXBuildFile; fileRef = EFC12BC91DD57A5500D0DBF0 /* Assets.xcassets */; };
		EFC12BCD1DD57A5500D0DBF0 /* LaunchScreen.storyboard in Resources */ = {isa = PBXBuildFile; fileRef = EFC12BCB1DD57A5500D0DBF0 /* LaunchScreen.storyboard */; };
		EFC12BD61DD57A7800D0DBF0 /* ViewController.swift in Sources */ = {isa = PBXBuildFile; fileRef = EFC12BD41DD57A7800D0DBF0 /* ViewController.swift */; };
		EFC12BD71DD57A7800D0DBF0 /* ViewController.xib in Resources */ = {isa = PBXBuildFile; fileRef = EFC12BD51DD57A7800D0DBF0 /* ViewController.xib */; };
		EFC12BD91DD57C1B00D0DBF0 /* Venue.swift in Sources */ = {isa = PBXBuildFile; fileRef = EFC12BD81DD57C1B00D0DBF0 /* Venue.swift */; };
		EFC6F3F61DFAAEA80051A3FB /* Coffee.swift in Sources */ = {isa = PBXBuildFile; fileRef = EFC6F3F51DFAAEA80051A3FB /* Coffee.swift */; };
		EFF9EF1A1DD5A09F00FB0D40 /* MyJson.json in Resources */ = {isa = PBXBuildFile; fileRef = EFF9EF191DD5A09F00FB0D40 /* MyJson.json */; };
		EFF9EF1C1DD5A78600FB0D40 /* Venue2.swift in Sources */ = {isa = PBXBuildFile; fileRef = EFF9EF1B1DD5A78600FB0D40 /* Venue2.swift */; };
		EFF9EF1E1DD5C2E000FB0D40 /* Location.json in Resources */ = {isa = PBXBuildFile; fileRef = EFF9EF1D1DD5C2E000FB0D40 /* Location.json */; };
		EFF9EF201DD5C32C00FB0D40 /* Predictions.swift in Sources */ = {isa = PBXBuildFile; fileRef = EFF9EF1F1DD5C32C00FB0D40 /* Predictions.swift */; };
		EFF9EF221DD5C92E00FB0D40 /* PreditionGettor.swift in Sources */ = {isa = PBXBuildFile; fileRef = EFF9EF211DD5C92E00FB0D40 /* PreditionGettor.swift */; };
/* End PBXBuildFile section */

/* Begin PBXFileReference section */
		6645788CD898D7BEBB6C3B54 /* Pods_AlamofireDemo.framework */ = {isa = PBXFileReference; explicitFileType = wrapper.framework; includeInIndex = 0; path = Pods_AlamofireDemo.framework; sourceTree = BUILT_PRODUCTS_DIR; };
		810E741F12F1E0F9D1DDBB60 /* Pods-AlamofireDemo.debug.xcconfig */ = {isa = PBXFileReference; includeInIndex = 1; lastKnownFileType = text.xcconfig; name = "Pods-AlamofireDemo.debug.xcconfig"; path = "Pods/Target Support Files/Pods-AlamofireDemo/Pods-AlamofireDemo.debug.xcconfig"; sourceTree = "<group>"; };
		CB18CF5DE47F8EB90FC8E59F /* Pods-AlamofireDemo.release.xcconfig */ = {isa = PBXFileReference; includeInIndex = 1; lastKnownFileType = text.xcconfig; name = "Pods-AlamofireDemo.release.xcconfig"; path = "Pods/Target Support Files/Pods-AlamofireDemo/Pods-AlamofireDemo.release.xcconfig"; sourceTree = "<group>"; };
		EFC12BBF1DD57A5500D0DBF0 /* AlamofireDemo.app */ = {isa = PBXFileReference; explicitFileType = wrapper.application; includeInIndex = 0; path = AlamofireDemo.app; sourceTree = BUILT_PRODUCTS_DIR; };
		EFC12BC21DD57A5500D0DBF0 /* AppDelegate.swift */ = {isa = PBXFileReference; lastKnownFileType = sourcecode.swift; path = AppDelegate.swift; sourceTree = "<group>"; };
		EFC12BC91DD57A5500D0DBF0 /* Assets.xcassets */ = {isa = PBXFileReference; lastKnownFileType = folder.assetcatalog; path = Assets.xcassets; sourceTree = "<group>"; };
		EFC12BCC1DD57A5500D0DBF0 /* Base */ = {isa = PBXFileReference; lastKnownFileType = file.storyboard; name = Base; path = Base.lproj/LaunchScreen.storyboard; sourceTree = "<group>"; };
		EFC12BCE1DD57A5500D0DBF0 /* Info.plist */ = {isa = PBXFileReference; lastKnownFileType = text.plist.xml; path = Info.plist; sourceTree = "<group>"; };
		EFC12BD41DD57A7800D0DBF0 /* ViewController.swift */ = {isa = PBXFileReference; fileEncoding = 4; lastKnownFileType = sourcecode.swift; path = ViewController.swift; sourceTree = "<group>"; };
		EFC12BD51DD57A7800D0DBF0 /* ViewController.xib */ = {isa = PBXFileReference; fileEncoding = 4; lastKnownFileType = file.xib; path = ViewController.xib; sourceTree = "<group>"; };
		EFC12BD81DD57C1B00D0DBF0 /* Venue.swift */ = {isa = PBXFileReference; fileEncoding = 4; lastKnownFileType = sourcecode.swift; path = Venue.swift; sourceTree = "<group>"; };
		EFC6F3F51DFAAEA80051A3FB /* Coffee.swift */ = {isa = PBXFileReference; fileEncoding = 4; lastKnownFileType = sourcecode.swift; path = Coffee.swift; sourceTree = "<group>"; };
		EFF9EF191DD5A09F00FB0D40 /* MyJson.json */ = {isa = PBXFileReference; fileEncoding = 4; lastKnownFileType = text.json; path = MyJson.json; sourceTree = "<group>"; };
		EFF9EF1B1DD5A78600FB0D40 /* Venue2.swift */ = {isa = PBXFileReference; fileEncoding = 4; lastKnownFileType = sourcecode.swift; path = Venue2.swift; sourceTree = "<group>"; };
		EFF9EF1D1DD5C2E000FB0D40 /* Location.json */ = {isa = PBXFileReference; fileEncoding = 4; lastKnownFileType = text.json; path = Location.json; sourceTree = "<group>"; };
		EFF9EF1F1DD5C32C00FB0D40 /* Predictions.swift */ = {isa = PBXFileReference; fileEncoding = 4; lastKnownFileType = sourcecode.swift; path = Predictions.swift; sourceTree = "<group>"; };
		EFF9EF211DD5C92E00FB0D40 /* PreditionGettor.swift */ = {isa = PBXFileReference; fileEncoding = 4; lastKnownFileType = sourcecode.swift; path = PreditionGettor.swift; sourceTree = "<group>"; };
/* End PBXFileReference section */

/* Begin PBXFrameworksBuildPhase section */
		EFC12BBC1DD57A5500D0DBF0 /* Frameworks */ = {
			isa = PBXFrameworksBuildPhase;
			buildActionMask = 2147483647;
			files = (
				84D68E69217A1489826D7DE2 /* Pods_AlamofireDemo.framework in Frameworks */,
			);
			runOnlyForDeploymentPostprocessing = 0;
		};
/* End PBXFrameworksBuildPhase section */

/* Begin PBXGroup section */
		0D340A9B0A05671976EBD419 /* Frameworks */ = {
			isa = PBXGroup;
			children = (
				6645788CD898D7BEBB6C3B54 /* Pods_AlamofireDemo.framework */,
			);
			name = Frameworks;
			sourceTree = "<group>";
		};
		D66D47773477F840A0CAF777 /* Pods */ = {
			isa = PBXGroup;
			children = (
				810E741F12F1E0F9D1DDBB60 /* Pods-AlamofireDemo.debug.xcconfig */,
				CB18CF5DE47F8EB90FC8E59F /* Pods-AlamofireDemo.release.xcconfig */,
			);
			name = Pods;
			sourceTree = "<group>";
		};
		EFC12BB61DD57A5500D0DBF0 = {
			isa = PBXGroup;
			children = (
				EFC12BC11DD57A5500D0DBF0 /* AlamofireDemo */,
				EFC12BC01DD57A5500D0DBF0 /* Products */,
				D66D47773477F840A0CAF777 /* Pods */,
				0D340A9B0A05671976EBD419 /* Frameworks */,
			);
			sourceTree = "<group>";
		};
		EFC12BC01DD57A5500D0DBF0 /* Products */ = {
			isa = PBXGroup;
			children = (
				EFC12BBF1DD57A5500D0DBF0 /* AlamofireDemo.app */,
			);
			name = Products;
			sourceTree = "<group>";
		};
		EFC12BC11DD57A5500D0DBF0 /* AlamofireDemo */ = {
			isa = PBXGroup;
			children = (
				EFF9EF231DD5D23300FB0D40 /* Cell */,
				EFF9EF1D1DD5C2E000FB0D40 /* Location.json */,
				EFF9EF191DD5A09F00FB0D40 /* MyJson.json */,
				EFF9EF1F1DD5C32C00FB0D40 /* Predictions.swift */,
				EFF9EF211DD5C92E00FB0D40 /* PreditionGettor.swift */,
				EFC12BD81DD57C1B00D0DBF0 /* Venue.swift */,
				EFF9EF1B1DD5A78600FB0D40 /* Venue2.swift */,
				EFC12BC21DD57A5500D0DBF0 /* AppDelegate.swift */,
				EFC12BD41DD57A7800D0DBF0 /* ViewController.swift */,
				EFC12BD51DD57A7800D0DBF0 /* ViewController.xib */,
				EFC12BC91DD57A5500D0DBF0 /* Assets.xcassets */,
				EFC12BCB1DD57A5500D0DBF0 /* LaunchScreen.storyboard */,
				EFC12BCE1DD57A5500D0DBF0 /* Info.plist */,
			);
			path = AlamofireDemo;
			sourceTree = "<group>";
		};
		EFF9EF231DD5D23300FB0D40 /* Cell */ = {
			isa = PBXGroup;
			children = (
				EFC6F3F51DFAAEA80051A3FB /* Coffee.swift */,
			);
			name = Cell;
			sourceTree = "<group>";
		};
/* End PBXGroup section */

/* Begin PBXNativeTarget section */
		EFC12BBE1DD57A5500D0DBF0 /* AlamofireDemo */ = {
			isa = PBXNativeTarget;
			buildConfigurationList = EFC12BD11DD57A5500D0DBF0 /* Build configuration list for PBXNativeTarget "AlamofireDemo" */;
			buildPhases = (
				031A8214C4706D87902A6456 /* [CP] Check Pods Manifest.lock */,
				EFC12BBB1DD57A5500D0DBF0 /* Sources */,
				EFC12BBC1DD57A5500D0DBF0 /* Frameworks */,
				EFC12BBD1DD57A5500D0DBF0 /* Resources */,
				D3195D6C80410958E71B7AE4 /* [CP] Embed Pods Frameworks */,
				FE5542B7FABBDEC4F87BFCE6 /* [CP] Copy Pods Resources */,
			);
			buildRules = (
			);
			dependencies = (
			);
			name = AlamofireDemo;
			productName = AlamofireDemo;
			productReference = EFC12BBF1DD57A5500D0DBF0 /* AlamofireDemo.app */;
			productType = "com.apple.product-type.application";
		};
/* End PBXNativeTarget section */

/* Begin PBXProject section */
		EFC12BB71DD57A5500D0DBF0 /* Project object */ = {
			isa = PBXProject;
			attributes = {
				LastSwiftUpdateCheck = 0730;
				LastUpgradeCheck = 0730;
				ORGANIZATIONNAME = "Asian Tech";
				TargetAttributes = {
					EFC12BBE1DD57A5500D0DBF0 = {
						CreatedOnToolsVersion = 7.3.1;
					};
				};
			};
			buildConfigurationList = EFC12BBA1DD57A5500D0DBF0 /* Build configuration list for PBXProject "AlamofireDemo" */;
			compatibilityVersion = "Xcode 3.2";
			developmentRegion = English;
			hasScannedForEncodings = 0;
			knownRegions = (
				en,
				Base,
			);
			mainGroup = EFC12BB61DD57A5500D0DBF0;
			productRefGroup = EFC12BC01DD57A5500D0DBF0 /* Products */;
			projectDirPath = "";
			projectRoot = "";
			targets = (
				EFC12BBE1DD57A5500D0DBF0 /* AlamofireDemo */,
			);
		};
/* End PBXProject section */

/* Begin PBXResourcesBuildPhase section */
		EFC12BBD1DD57A5500D0DBF0 /* Resources */ = {
			isa = PBXResourcesBuildPhase;
			buildActionMask = 2147483647;
			files = (
				EFC12BCD1DD57A5500D0DBF0 /* LaunchScreen.storyboard in Resources */,
				EFF9EF1E1DD5C2E000FB0D40 /* Location.json in Resources */,
				EFC12BD71DD57A7800D0DBF0 /* ViewController.xib in Resources */,
				EFC12BCA1DD57A5500D0DBF0 /* Assets.xcassets in Resources */,
				EFF9EF1A1DD5A09F00FB0D40 /* MyJson.json in Resources */,
			);
			runOnlyForDeploymentPostprocessing = 0;
		};
/* End PBXResourcesBuildPhase section */

/* Begin PBXShellScriptBuildPhase section */
		031A8214C4706D87902A6456 /* [CP] Check Pods Manifest.lock */ = {
			isa = PBXShellScriptBuildPhase;
			buildActionMask = 2147483647;
			files = (
			);
			inputPaths = (
			);
			name = "[CP] Check Pods Manifest.lock";
			outputPaths = (
			);
			runOnlyForDeploymentPostprocessing = 0;
			shellPath = /bin/sh;
			shellScript = "diff \"${PODS_ROOT}/../Podfile.lock\" \"${PODS_ROOT}/Manifest.lock\" > /dev/null\nif [ $? != 0 ] ; then\n    # print error to STDERR\n    echo \"error: The sandbox is not in sync with the Podfile.lock. Run 'pod install' or update your CocoaPods installation.\" >&2\n    exit 1\nfi\n";
			showEnvVarsInLog = 0;
		};
		D3195D6C80410958E71B7AE4 /* [CP] Embed Pods Frameworks */ = {
			isa = PBXShellScriptBuildPhase;
			buildActionMask = 2147483647;
			files = (
			);
			inputPaths = (
			);
			name = "[CP] Embed Pods Frameworks";
			outputPaths = (
			);
			runOnlyForDeploymentPostprocessing = 0;
			shellPath = /bin/sh;
			shellScript = "\"${SRCROOT}/Pods/Target Support Files/Pods-AlamofireDemo/Pods-AlamofireDemo-frameworks.sh\"\n";
			showEnvVarsInLog = 0;
		};
		FE5542B7FABBDEC4F87BFCE6 /* [CP] Copy Pods Resources */ = {
			isa = PBXShellScriptBuildPhase;
			buildActionMask = 2147483647;
			files = (
			);
			inputPaths = (
			);
			name = "[CP] Copy Pods Resources";
			outputPaths = (
			);
			runOnlyForDeploymentPostprocessing = 0;
			shellPath = /bin/sh;
			shellScript = "\"${SRCROOT}/Pods/Target Support Files/Pods-AlamofireDemo/Pods-AlamofireDemo-resources.sh\"\n";
			showEnvVarsInLog = 0;
		};
/* End PBXShellScriptBuildPhase section */

/* Begin PBXSourcesBuildPhase section */
		EFC12BBB1DD57A5500D0DBF0 /* Sources */ = {
			isa = PBXSourcesBuildPhase;
			buildActionMask = 2147483647;
			files = (
				EFF9EF201DD5C32C00FB0D40 /* Predictions.swift in Sources */,
				EFF9EF1C1DD5A78600FB0D40 /* Venue2.swift in Sources */,
				EFC6F3F61DFAAEA80051A3FB /* Coffee.swift in Sources */,
				EFC12BD61DD57A7800D0DBF0 /* ViewController.swift in Sources */,
				EFF9EF221DD5C92E00FB0D40 /* PreditionGettor.swift in Sources */,
				EFC12BD91DD57C1B00D0DBF0 /* Venue.swift in Sources */,
				EFC12BC31DD57A5500D0DBF0 /* AppDelegate.swift in Sources */,
			);
			runOnlyForDeploymentPostprocessing = 0;
		};
/* End PBXSourcesBuildPhase section */

/* Begin PBXVariantGroup section */
		EFC12BCB1DD57A5500D0DBF0 /* LaunchScreen.storyboard */ = {
			isa = PBXVariantGroup;
			children = (
				EFC12BCC1DD57A5500D0DBF0 /* Base */,
			);
			name = LaunchScreen.storyboard;
			sourceTree = "<group>";
		};
/* End PBXVariantGroup section */

/* Begin XCBuildConfiguration section */
		EFC12BCF1DD57A5500D0DBF0 /* Debug */ = {
			isa = XCBuildConfiguration;
			buildSettings = {
				ALWAYS_SEARCH_USER_PATHS = NO;
				CLANG_ANALYZER_NONNULL = YES;
				CLANG_CXX_LANGUAGE_STANDARD = "gnu++0x";
				CLANG_CXX_LIBRARY = "libc++";
				CLANG_ENABLE_MODULES = YES;
				CLANG_ENABLE_OBJC_ARC = YES;
				CLANG_WARN_BOOL_CONVERSION = YES;
				CLANG_WARN_CONSTANT_CONVERSION = YES;
				CLANG_WARN_DIRECT_OBJC_ISA_USAGE = YES_ERROR;
				CLANG_WARN_EMPTY_BODY = YES;
				CLANG_WARN_ENUM_CONVERSION = YES;
				CLANG_WARN_INT_CONVERSION = YES;
				CLANG_WARN_OBJC_ROOT_CLASS = YES_ERROR;
				CLANG_WARN_UNREACHABLE_CODE = YES;
				CLANG_WARN__DUPLICATE_METHOD_MATCH = YES;
				"CODE_SIGN_IDENTITY[sdk=iphoneos*]" = "iPhone Developer";
				COPY_PHASE_STRIP = NO;
				DEBUG_INFORMATION_FORMAT = dwarf;
				ENABLE_STRICT_OBJC_MSGSEND = YES;
				ENABLE_TESTABILITY = YES;
				GCC_C_LANGUAGE_STANDARD = gnu99;
				GCC_DYNAMIC_NO_PIC = NO;
				GCC_NO_COMMON_BLOCKS = YES;
				GCC_OPTIMIZATION_LEVEL = 0;
				GCC_PREPROCESSOR_DEFINITIONS = (
					"DEBUG=1",
					"$(inherited)",
				);
				GCC_WARN_64_TO_32_BIT_CONVERSION = YES;
				GCC_WARN_ABOUT_RETURN_TYPE = YES_ERROR;
				GCC_WARN_UNDECLARED_SELECTOR = YES;
				GCC_WARN_UNINITIALIZED_AUTOS = YES_AGGRESSIVE;
				GCC_WARN_UNUSED_FUNCTION = YES;
				GCC_WARN_UNUSED_VARIABLE = YES;
				IPHONEOS_DEPLOYMENT_TARGET = 9.3;
				MTL_ENABLE_DEBUG_INFO = YES;
				ONLY_ACTIVE_ARCH = YES;
				SDKROOT = iphoneos;
				SWIFT_OPTIMIZATION_LEVEL = "-Onone";
			};
			name = Debug;
		};
		EFC12BD01DD57A5500D0DBF0 /* Release */ = {
			isa = XCBuildConfiguration;
			buildSettings = {
				ALWAYS_SEARCH_USER_PATHS = NO;
				CLANG_ANALYZER_NONNULL = YES;
				CLANG_CXX_LANGUAGE_STANDARD = "gnu++0x";
				CLANG_CXX_LIBRARY = "libc++";
				CLANG_ENABLE_MODULES = YES;
				CLANG_ENABLE_OBJC_ARC = YES;
				CLANG_WARN_BOOL_CONVERSION = YES;
				CLANG_WARN_CONSTANT_CONVERSION = YES;
				CLANG_WARN_DIRECT_OBJC_ISA_USAGE = YES_ERROR;
				CLANG_WARN_EMPTY_BODY = YES;
				CLANG_WARN_ENUM_CONVERSION = YES;
				CLANG_WARN_INT_CONVERSION = YES;
				CLANG_WARN_OBJC_ROOT_CLASS = YES_ERROR;
				CLANG_WARN_UNREACHABLE_CODE = YES;
				CLANG_WARN__DUPLICATE_METHOD_MATCH = YES;
				"CODE_SIGN_IDENTITY[sdk=iphoneos*]" = "iPhone Developer";
				COPY_PHASE_STRIP = NO;
				DEBUG_INFORMATION_FORMAT = "dwarf-with-dsym";
				ENABLE_NS_ASSERTIONS = NO;
				ENABLE_STRICT_OBJC_MSGSEND = YES;
				GCC_C_LANGUAGE_STANDARD = gnu99;
				GCC_NO_COMMON_BLOCKS = YES;
				GCC_WARN_64_TO_32_BIT_CONVERSION = YES;
				GCC_WARN_ABOUT_RETURN_TYPE = YES_ERROR;
				GCC_WARN_UNDECLARED_SELECTOR = YES;
				GCC_WARN_UNINITIALIZED_AUTOS = YES_AGGRESSIVE;
				GCC_WARN_UNUSED_FUNCTION = YES;
				GCC_WARN_UNUSED_VARIABLE = YES;
				IPHONEOS_DEPLOYMENT_TARGET = 9.3;
				MTL_ENABLE_DEBUG_INFO = NO;
				SDKROOT = iphoneos;
				VALIDATE_PRODUCT = YES;
			};
			name = Release;
		};
		EFC12BD21DD57A5500D0DBF0 /* Debug */ = {
			isa = XCBuildConfiguration;
			baseConfigurationReference = 810E741F12F1E0F9D1DDBB60 /* Pods-AlamofireDemo.debug.xcconfig */;
			buildSettings = {
				ASSETCATALOG_COMPILER_APPICON_NAME = AppIcon;
				INFOPLIST_FILE = AlamofireDemo/Info.plist;
				LD_RUNPATH_SEARCH_PATHS = "$(inherited) @executable_path/Frameworks";
				PRODUCT_BUNDLE_IDENTIFIER = com.asiantech.dev.AlamofireDemo;
				PRODUCT_NAME = "$(TARGET_NAME)";
			};
			name = Debug;
		};
		EFC12BD31DD57A5500D0DBF0 /* Release */ = {
			isa = XCBuildConfiguration;
			baseConfigurationReference = CB18CF5DE47F8EB90FC8E59F /* Pods-AlamofireDemo.release.xcconfig */;
			buildSettings = {
				ASSETCATALOG_COMPILER_APPICON_NAME = AppIcon;
				INFOPLIST_FILE = AlamofireDemo/Info.plist;
				LD_RUNPATH_SEARCH_PATHS = "$(inherited) @executable_path/Frameworks";
				PRODUCT_BUNDLE_IDENTIFIER = com.asiantech.dev.AlamofireDemo;
				PRODUCT_NAME = "$(TARGET_NAME)";
			};
			name = Release;
		};
/* End XCBuildConfiguration section */

/* Begin XCConfigurationList section */
		EFC12BBA1DD57A5500D0DBF0 /* Build configuration list for PBXProject "AlamofireDemo" */ = {
			isa = XCConfigurationList;
			buildConfigurations = (
				EFC12BCF1DD57A5500D0DBF0 /* Debug */,
				EFC12BD01DD57A5500D0DBF0 /* Release */,
			);
			defaultConfigurationIsVisible = 0;
			defaultConfigurationName = Release;
		};
		EFC12BD11DD57A5500D0DBF0 /* Build configuration list for PBXNativeTarget "AlamofireDemo" */ = {
			isa = XCConfigurationList;
			buildConfigurations = (
				EFC12BD21DD57A5500D0DBF0 /* Debug */,
				EFC12BD31DD57A5500D0DBF0 /* Release */,
			);
			defaultConfigurationIsVisible = 0;
			defaultConfigurationName = Release;
		};
/* End XCConfigurationList section */
	};
	rootObject = EFC12BB71DD57A5500D0DBF0 /* Project object */;
}
