// !$*UTF8*$!
{
	archiveVersion = 1;
	classes = {
	};
	objectVersion = 46;
	objects = {

/* Begin PBXBuildFile section */
		FE2925131E1182980080C276 /* AppDelegate.swift in Sources */ = {isa = PBXBuildFile; fileRef = FE2925121E1182980080C276 /* AppDelegate.swift */; };
		FE29251A1E1182980080C276 /* Assets.xcassets in Resources */ = {isa = PBXBuildFile; fileRef = FE2925191E1182980080C276 /* Assets.xcassets */; };
		FE29251D1E1182980080C276 /* LaunchScreen.storyboard in Resources */ = {isa = PBXBuildFile; fileRef = FE29251B1E1182980080C276 /* LaunchScreen.storyboard */; };
		FE2925261E1182E80080C276 /* ViewController.swift in Sources */ = {isa = PBXBuildFile; fileRef = FE2925241E1182E80080C276 /* ViewController.swift */; };
		FE2925271E1182E80080C276 /* ViewController.xib in Resources */ = {isa = PBXBuildFile; fileRef = FE2925251E1182E80080C276 /* ViewController.xib */; };
		FE2925291E1182F30080C276 /* LoadingView.swift in Sources */ = {isa = PBXBuildFile; fileRef = FE2925281E1182F30080C276 /* LoadingView.swift */; };
/* End PBXBuildFile section */

/* Begin PBXFileReference section */
		FE29250F1E1182980080C276 /* LoadingGraphic.app */ = {isa = PBXFileReference; explicitFileType = wrapper.application; includeInIndex = 0; path = LoadingGraphic.app; sourceTree = BUILT_PRODUCTS_DIR; };
		FE2925121E1182980080C276 /* AppDelegate.swift */ = {isa = PBXFileReference; lastKnownFileType = sourcecode.swift; path = AppDelegate.swift; sourceTree = "<group>"; };
		FE2925191E1182980080C276 /* Assets.xcassets */ = {isa = PBXFileReference; lastKnownFileType = folder.assetcatalog; path = Assets.xcassets; sourceTree = "<group>"; };
		FE29251C1E1182980080C276 /* Base */ = {isa = PBXFileReference; lastKnownFileType = file.storyboard; name = Base; path = Base.lproj/LaunchScreen.storyboard; sourceTree = "<group>"; };
		FE29251E1E1182980080C276 /* Info.plist */ = {isa = PBXFileReference; lastKnownFileType = text.plist.xml; path = Info.plist; sourceTree = "<group>"; };
		FE2925241E1182E80080C276 /* ViewController.swift */ = {isa = PBXFileReference; fileEncoding = 4; lastKnownFileType = sourcecode.swift; path = ViewController.swift; sourceTree = "<group>"; };
		FE2925251E1182E80080C276 /* ViewController.xib */ = {isa = PBXFileReference; fileEncoding = 4; lastKnownFileType = file.xib; path = ViewController.xib; sourceTree = "<group>"; };
		FE2925281E1182F30080C276 /* LoadingView.swift */ = {isa = PBXFileReference; fileEncoding = 4; lastKnownFileType = sourcecode.swift; path = LoadingView.swift; sourceTree = "<group>"; };
/* End PBXFileReference section */

/* Begin PBXFrameworksBuildPhase section */
		FE29250C1E1182980080C276 /* Frameworks */ = {
			isa = PBXFrameworksBuildPhase;
			buildActionMask = 2147483647;
			files = (
			);
			runOnlyForDeploymentPostprocessing = 0;
		};
/* End PBXFrameworksBuildPhase section */

/* Begin PBXGroup section */
		FE2925061E1182980080C276 = {
			isa = PBXGroup;
			children = (
				FE2925111E1182980080C276 /* LoadingGraphic */,
				FE2925101E1182980080C276 /* Products */,
			);
			sourceTree = "<group>";
		};
		FE2925101E1182980080C276 /* Products */ = {
			isa = PBXGroup;
			children = (
				FE29250F1E1182980080C276 /* LoadingGraphic.app */,
			);
			name = Products;
			sourceTree = "<group>";
		};
		FE2925111E1182980080C276 /* LoadingGraphic */ = {
			isa = PBXGroup;
			children = (
				FE2925281E1182F30080C276 /* LoadingView.swift */,
				FE2925121E1182980080C276 /* AppDelegate.swift */,
				FE2925241E1182E80080C276 /* ViewController.swift */,
				FE2925251E1182E80080C276 /* ViewController.xib */,
				FE2925191E1182980080C276 /* Assets.xcassets */,
				FE29251B1E1182980080C276 /* LaunchScreen.storyboard */,
				FE29251E1E1182980080C276 /* Info.plist */,
			);
			path = LoadingGraphic;
			sourceTree = "<group>";
		};
/* End PBXGroup section */

/* Begin PBXNativeTarget section */
		FE29250E1E1182980080C276 /* LoadingGraphic */ = {
			isa = PBXNativeTarget;
			buildConfigurationList = FE2925211E1182980080C276 /* Build configuration list for PBXNativeTarget "LoadingGraphic" */;
			buildPhases = (
				FE29250B1E1182980080C276 /* Sources */,
				FE29250C1E1182980080C276 /* Frameworks */,
				FE29250D1E1182980080C276 /* Resources */,
			);
			buildRules = (
			);
			dependencies = (
			);
			name = LoadingGraphic;
			productName = LoadingGraphic;
			productReference = FE29250F1E1182980080C276 /* LoadingGraphic.app */;
			productType = "com.apple.product-type.application";
		};
/* End PBXNativeTarget section */

/* Begin PBXProject section */
		FE2925071E1182980080C276 /* Project object */ = {
			isa = PBXProject;
			attributes = {
				LastSwiftUpdateCheck = 0810;
				LastUpgradeCheck = 0810;
				ORGANIZATIONNAME = dev.asiantech.lamlv;
				TargetAttributes = {
					FE29250E1E1182980080C276 = {
						CreatedOnToolsVersion = 8.1;
						ProvisioningStyle = Automatic;
					};
				};
			};
			buildConfigurationList = FE29250A1E1182980080C276 /* Build configuration list for PBXProject "LoadingGraphic" */;
			compatibilityVersion = "Xcode 3.2";
			developmentRegion = English;
			hasScannedForEncodings = 0;
			knownRegions = (
				en,
				Base,
			);
			mainGroup = FE2925061E1182980080C276;
			productRefGroup = FE2925101E1182980080C276 /* Products */;
			projectDirPath = "";
			projectRoot = "";
			targets = (
				FE29250E1E1182980080C276 /* LoadingGraphic */,
			);
		};
/* End PBXProject section */

/* Begin PBXResourcesBuildPhase section */
		FE29250D1E1182980080C276 /* Resources */ = {
			isa = PBXResourcesBuildPhase;
			buildActionMask = 2147483647;
			files = (
				FE29251D1E1182980080C276 /* LaunchScreen.storyboard in Resources */,
				FE2925271E1182E80080C276 /* ViewController.xib in Resources */,
				FE29251A1E1182980080C276 /* Assets.xcassets in Resources */,
			);
			runOnlyForDeploymentPostprocessing = 0;
		};
/* End PBXResourcesBuildPhase section */

/* Begin PBXSourcesBuildPhase section */
		FE29250B1E1182980080C276 /* Sources */ = {
			isa = PBXSourcesBuildPhase;
			buildActionMask = 2147483647;
			files = (
				FE2925261E1182E80080C276 /* ViewController.swift in Sources */,
				FE2925131E1182980080C276 /* AppDelegate.swift in Sources */,
				FE2925291E1182F30080C276 /* LoadingView.swift in Sources */,
			);
			runOnlyForDeploymentPostprocessing = 0;
		};
/* End PBXSourcesBuildPhase section */

/* Begin PBXVariantGroup section */
		FE29251B1E1182980080C276 /* LaunchScreen.storyboard */ = {
			isa = PBXVariantGroup;
			children = (
				FE29251C1E1182980080C276 /* Base */,
			);
			name = LaunchScreen.storyboard;
			sourceTree = "<group>";
		};
/* End PBXVariantGroup section */

/* Begin XCBuildConfiguration section */
		FE29251F1E1182980080C276 /* Debug */ = {
			isa = XCBuildConfiguration;
			buildSettings = {
				ALWAYS_SEARCH_USER_PATHS = NO;
				CLANG_ANALYZER_NONNULL = YES;
				CLANG_CXX_LANGUAGE_STANDARD = "gnu++0x";
				CLANG_CXX_LIBRARY = "libc++";
				CLANG_ENABLE_MODULES = YES;
				CLANG_ENABLE_OBJC_ARC = YES;
				CLANG_WARN_BOOL_CONVERSION = YES;
				CLANG_WARN_CONSTANT_CONVERSION = YES;
				CLANG_WARN_DIRECT_OBJC_ISA_USAGE = YES_ERROR;
				CLANG_WARN_DOCUMENTATION_COMMENTS = YES;
				CLANG_WARN_EMPTY_BODY = YES;
				CLANG_WARN_ENUM_CONVERSION = YES;
				CLANG_WARN_INFINITE_RECURSION = YES;
				CLANG_WARN_INT_CONVERSION = YES;
				CLANG_WARN_OBJC_ROOT_CLASS = YES_ERROR;
				CLANG_WARN_SUSPICIOUS_MOVES = YES;
				CLANG_WARN_UNREACHABLE_CODE = YES;
				CLANG_WARN__DUPLICATE_METHOD_MATCH = YES;
				"CODE_SIGN_IDENTITY[sdk=iphoneos*]" = "iPhone Developer";
				COPY_PHASE_STRIP = NO;
				DEBUG_INFORMATION_FORMAT = dwarf;
				ENABLE_STRICT_OBJC_MSGSEND = YES;
				ENABLE_TESTABILITY = YES;
				GCC_C_LANGUAGE_STANDARD = gnu99;
				GCC_DYNAMIC_NO_PIC = NO;
				GCC_NO_COMMON_BLOCKS = YES;
				GCC_OPTIMIZATION_LEVEL = 0;
				GCC_PREPROCESSOR_DEFINITIONS = (
					"DEBUG=1",
					"$(inherited)",
				);
				GCC_WARN_64_TO_32_BIT_CONVERSION = YES;
				GCC_WARN_ABOUT_RETURN_TYPE = YES_ERROR;
				GCC_WARN_UNDECLARED_SELECTOR = YES;
				GCC_WARN_UNINITIALIZED_AUTOS = YES_AGGRESSIVE;
				GCC_WARN_UNUSED_FUNCTION = YES;
				GCC_WARN_UNUSED_VARIABLE = YES;
				IPHONEOS_DEPLOYMENT_TARGET = 10.1;
				MTL_ENABLE_DEBUG_INFO = YES;
				ONLY_ACTIVE_ARCH = YES;
				SDKROOT = iphoneos;
				SWIFT_ACTIVE_COMPILATION_CONDITIONS = DEBUG;
				SWIFT_OPTIMIZATION_LEVEL = "-Onone";
				TARGETED_DEVICE_FAMILY = "1,2";
			};
			name = Debug;
		};
		FE2925201E1182980080C276 /* Release */ = {
			isa = XCBuildConfiguration;
			buildSettings = {
				ALWAYS_SEARCH_USER_PATHS = NO;
				CLANG_ANALYZER_NONNULL = YES;
				CLANG_CXX_LANGUAGE_STANDARD = "gnu++0x";
				CLANG_CXX_LIBRARY = "libc++";
				CLANG_ENABLE_MODULES = YES;
				CLANG_ENABLE_OBJC_ARC = YES;
				CLANG_WARN_BOOL_CONVERSION = YES;
				CLANG_WARN_CONSTANT_CONVERSION = YES;
				CLANG_WARN_DIRECT_OBJC_ISA_USAGE = YES_ERROR;
				CLANG_WARN_DOCUMENTATION_COMMENTS = YES;
				CLANG_WARN_EMPTY_BODY = YES;
				CLANG_WARN_ENUM_CONVERSION = YES;
				CLANG_WARN_INFINITE_RECURSION = YES;
				CLANG_WARN_INT_CONVERSION = YES;
				CLANG_WARN_OBJC_ROOT_CLASS = YES_ERROR;
				CLANG_WARN_SUSPICIOUS_MOVES = YES;
				CLANG_WARN_UNREACHABLE_CODE = YES;
				CLANG_WARN__DUPLICATE_METHOD_MATCH = YES;
				"CODE_SIGN_IDENTITY[sdk=iphoneos*]" = "iPhone Developer";
				COPY_PHASE_STRIP = NO;
				DEBUG_INFORMATION_FORMAT = "dwarf-with-dsym";
				ENABLE_NS_ASSERTIONS = NO;
				ENABLE_STRICT_OBJC_MSGSEND = YES;
				GCC_C_LANGUAGE_STANDARD = gnu99;
				GCC_NO_COMMON_BLOCKS = YES;
				GCC_WARN_64_TO_32_BIT_CONVERSION = YES;
				GCC_WARN_ABOUT_RETURN_TYPE = YES_ERROR;
				GCC_WARN_UNDECLARED_SELECTOR = YES;
				GCC_WARN_UNINITIALIZED_AUTOS = YES_AGGRESSIVE;
				GCC_WARN_UNUSED_FUNCTION = YES;
				GCC_WARN_UNUSED_VARIABLE = YES;
				IPHONEOS_DEPLOYMENT_TARGET = 10.1;
				MTL_ENABLE_DEBUG_INFO = NO;
				SDKROOT = iphoneos;
				SWIFT_OPTIMIZATION_LEVEL = "-Owholemodule";
				TARGETED_DEVICE_FAMILY = "1,2";
				VALIDATE_PRODUCT = YES;
			};
			name = Release;
		};
		FE2925221E1182980080C276 /* Debug */ = {
			isa = XCBuildConfiguration;
			buildSettings = {
				ASSETCATALOG_COMPILER_APPICON_NAME = AppIcon;
				INFOPLIST_FILE = LoadingGraphic/Info.plist;
				LD_RUNPATH_SEARCH_PATHS = "$(inherited) @executable_path/Frameworks";
				PRODUCT_BUNDLE_IDENTIFIER = dev.lamlv.LoadingGraphic;
				PRODUCT_NAME = "$(TARGET_NAME)";
				SWIFT_VERSION = 3.0;
			};
			name = Debug;
		};
		FE2925231E1182980080C276 /* Release */ = {
			isa = XCBuildConfiguration;
			buildSettings = {
				ASSETCATALOG_COMPILER_APPICON_NAME = AppIcon;
				INFOPLIST_FILE = LoadingGraphic/Info.plist;
				LD_RUNPATH_SEARCH_PATHS = "$(inherited) @executable_path/Frameworks";
				PRODUCT_BUNDLE_IDENTIFIER = dev.lamlv.LoadingGraphic;
				PRODUCT_NAME = "$(TARGET_NAME)";
				SWIFT_VERSION = 3.0;
			};
			name = Release;
		};
/* End XCBuildConfiguration section */

/* Begin XCConfigurationList section */
		FE29250A1E1182980080C276 /* Build configuration list for PBXProject "LoadingGraphic" */ = {
			isa = XCConfigurationList;
			buildConfigurations = (
				FE29251F1E1182980080C276 /* Debug */,
				FE2925201E1182980080C276 /* Release */,
			);
			defaultConfigurationIsVisible = 0;
			defaultConfigurationName = Release;
		};
		FE2925211E1182980080C276 /* Build configuration list for PBXNativeTarget "LoadingGraphic" */ = {
			isa = XCConfigurationList;
			buildConfigurations = (
				FE2925221E1182980080C276 /* Debug */,
				FE2925231E1182980080C276 /* Release */,
			);
			defaultConfigurationIsVisible = 0;
		};
/* End XCConfigurationList section */
	};
	rootObject = FE2925071E1182980080C276 /* Project object */;
}
