// !$*UTF8*$!
{
	archiveVersion = 1;
	classes = {
	};
	objectVersion = 46;
	objects = {

/* Begin PBXBuildFile section */
		BCD161E51EB5926700066519 /* AppDelegate.swift in Sources */ = {isa = PBXBuildFile; fileRef = BCD161E41EB5926700066519 /* AppDelegate.swift */; };
		BCD161ED1EB5926700066519 /* Bowties.xcdatamodeld in Sources */ = {isa = PBXBuildFile; fileRef = BCD161EB1EB5926700066519 /* Bowties.xcdatamodeld */; };
		BCD161EF1EB5926700066519 /* Assets.xcassets in Resources */ = {isa = PBXBuildFile; fileRef = BCD161EE1EB5926700066519 /* Assets.xcassets */; };
		BCD161F21EB5926700066519 /* LaunchScreen.storyboard in Resources */ = {isa = PBXBuildFile; fileRef = BCD161F01EB5926700066519 /* LaunchScreen.storyboard */; };
		BCD161FB1EB592C400066519 /* ViewController.swift in Sources */ = {isa = PBXBuildFile; fileRef = BCD161F91EB592C400066519 /* ViewController.swift */; };
		BCD161FC1EB592C400066519 /* ViewController.xib in Resources */ = {isa = PBXBuildFile; fileRef = BCD161FA1EB592C400066519 /* ViewController.xib */; };
		BCD161FE1EB5D20500066519 /* SampleData.plist in Resources */ = {isa = PBXBuildFile; fileRef = BCD161FD1EB5D20500066519 /* SampleData.plist */; };
		BCD162021EB5DAB300066519 /* ViewControllerModel.swift in Sources */ = {isa = PBXBuildFile; fileRef = BCD162011EB5DAB300066519 /* ViewControllerModel.swift */; };
/* End PBXBuildFile section */

/* Begin PBXFileReference section */
		BCD161E11EB5926700066519 /* Bowties.app */ = {isa = PBXFileReference; explicitFileType = wrapper.application; includeInIndex = 0; path = Bowties.app; sourceTree = BUILT_PRODUCTS_DIR; };
		BCD161E41EB5926700066519 /* AppDelegate.swift */ = {isa = PBXFileReference; lastKnownFileType = sourcecode.swift; path = AppDelegate.swift; sourceTree = "<group>"; };
		BCD161EC1EB5926700066519 /* Bowties.xcdatamodel */ = {isa = PBXFileReference; lastKnownFileType = wrapper.xcdatamodel; path = Bowties.xcdatamodel; sourceTree = "<group>"; };
		BCD161EE1EB5926700066519 /* Assets.xcassets */ = {isa = PBXFileReference; lastKnownFileType = folder.assetcatalog; path = Assets.xcassets; sourceTree = "<group>"; };
		BCD161F11EB5926700066519 /* Base */ = {isa = PBXFileReference; lastKnownFileType = file.storyboard; name = Base; path = Base.lproj/LaunchScreen.storyboard; sourceTree = "<group>"; };
		BCD161F31EB5926700066519 /* Info.plist */ = {isa = PBXFileReference; lastKnownFileType = text.plist.xml; path = Info.plist; sourceTree = "<group>"; };
		BCD161F91EB592C400066519 /* ViewController.swift */ = {isa = PBXFileReference; fileEncoding = 4; lastKnownFileType = sourcecode.swift; path = ViewController.swift; sourceTree = "<group>"; };
		BCD161FA1EB592C400066519 /* ViewController.xib */ = {isa = PBXFileReference; fileEncoding = 4; lastKnownFileType = file.xib; path = ViewController.xib; sourceTree = "<group>"; };
		BCD161FD1EB5D20500066519 /* SampleData.plist */ = {isa = PBXFileReference; fileEncoding = 4; lastKnownFileType = text.plist.xml; path = SampleData.plist; sourceTree = "<group>"; };
		BCD162011EB5DAB300066519 /* ViewControllerModel.swift */ = {isa = PBXFileReference; fileEncoding = 4; lastKnownFileType = sourcecode.swift; path = ViewControllerModel.swift; sourceTree = "<group>"; };
/* End PBXFileReference section */

/* Begin PBXFrameworksBuildPhase section */
		BCD161DE1EB5926700066519 /* Frameworks */ = {
			isa = PBXFrameworksBuildPhase;
			buildActionMask = 2147483647;
			files = (
			);
			runOnlyForDeploymentPostprocessing = 0;
		};
/* End PBXFrameworksBuildPhase section */

/* Begin PBXGroup section */
		BCD161D81EB5926700066519 = {
			isa = PBXGroup;
			children = (
				BCD161E31EB5926700066519 /* Bowties */,
				BCD161E21EB5926700066519 /* Products */,
			);
			sourceTree = "<group>";
		};
		BCD161E21EB5926700066519 /* Products */ = {
			isa = PBXGroup;
			children = (
				BCD161E11EB5926700066519 /* Bowties.app */,
			);
			name = Products;
			sourceTree = "<group>";
		};
		BCD161E31EB5926700066519 /* Bowties */ = {
			isa = PBXGroup;
			children = (
				BCD161FD1EB5D20500066519 /* SampleData.plist */,
				BCD162011EB5DAB300066519 /* ViewControllerModel.swift */,
				BCD161E41EB5926700066519 /* AppDelegate.swift */,
				BCD161F91EB592C400066519 /* ViewController.swift */,
				BCD161FA1EB592C400066519 /* ViewController.xib */,
				BCD161EE1EB5926700066519 /* Assets.xcassets */,
				BCD161F01EB5926700066519 /* LaunchScreen.storyboard */,
				BCD161F31EB5926700066519 /* Info.plist */,
				BCD161EB1EB5926700066519 /* Bowties.xcdatamodeld */,
			);
			path = Bowties;
			sourceTree = "<group>";
		};
/* End PBXGroup section */

/* Begin PBXNativeTarget section */
		BCD161E01EB5926700066519 /* Bowties */ = {
			isa = PBXNativeTarget;
			buildConfigurationList = BCD161F61EB5926700066519 /* Build configuration list for PBXNativeTarget "Bowties" */;
			buildPhases = (
				BCD161DD1EB5926700066519 /* Sources */,
				BCD161DE1EB5926700066519 /* Frameworks */,
				BCD161DF1EB5926700066519 /* Resources */,
			);
			buildRules = (
			);
			dependencies = (
			);
			name = Bowties;
			productName = Bowties;
			productReference = BCD161E11EB5926700066519 /* Bowties.app */;
			productType = "com.apple.product-type.application";
		};
/* End PBXNativeTarget section */

/* Begin PBXProject section */
		BCD161D91EB5926700066519 /* Project object */ = {
			isa = PBXProject;
			attributes = {
				LastSwiftUpdateCheck = 0830;
				LastUpgradeCheck = 0830;
				ORGANIZATIONNAME = LeVanLam;
				TargetAttributes = {
					BCD161E01EB5926700066519 = {
						CreatedOnToolsVersion = 8.3.1;
						ProvisioningStyle = Automatic;
					};
				};
			};
			buildConfigurationList = BCD161DC1EB5926700066519 /* Build configuration list for PBXProject "Bowties" */;
			compatibilityVersion = "Xcode 3.2";
			developmentRegion = English;
			hasScannedForEncodings = 0;
			knownRegions = (
				en,
				Base,
			);
			mainGroup = BCD161D81EB5926700066519;
			productRefGroup = BCD161E21EB5926700066519 /* Products */;
			projectDirPath = "";
			projectRoot = "";
			targets = (
				BCD161E01EB5926700066519 /* Bowties */,
			);
		};
/* End PBXProject section */

/* Begin PBXResourcesBuildPhase section */
		BCD161DF1EB5926700066519 /* Resources */ = {
			isa = PBXResourcesBuildPhase;
			buildActionMask = 2147483647;
			files = (
				BCD161F21EB5926700066519 /* LaunchScreen.storyboard in Resources */,
				BCD161FC1EB592C400066519 /* ViewController.xib in Resources */,
				BCD161FE1EB5D20500066519 /* SampleData.plist in Resources */,
				BCD161EF1EB5926700066519 /* Assets.xcassets in Resources */,
			);
			runOnlyForDeploymentPostprocessing = 0;
		};
/* End PBXResourcesBuildPhase section */

/* Begin PBXSourcesBuildPhase section */
		BCD161DD1EB5926700066519 /* Sources */ = {
			isa = PBXSourcesBuildPhase;
			buildActionMask = 2147483647;
			files = (
				BCD162021EB5DAB300066519 /* ViewControllerModel.swift in Sources */,
				BCD161FB1EB592C400066519 /* ViewController.swift in Sources */,
				BCD161E51EB5926700066519 /* AppDelegate.swift in Sources */,
				BCD161ED1EB5926700066519 /* Bowties.xcdatamodeld in Sources */,
			);
			runOnlyForDeploymentPostprocessing = 0;
		};
/* End PBXSourcesBuildPhase section */

/* Begin PBXVariantGroup section */
		BCD161F01EB5926700066519 /* LaunchScreen.storyboard */ = {
			isa = PBXVariantGroup;
			children = (
				BCD161F11EB5926700066519 /* Base */,
			);
			name = LaunchScreen.storyboard;
			sourceTree = "<group>";
		};
/* End PBXVariantGroup section */

/* Begin XCBuildConfiguration section */
		BCD161F41EB5926700066519 /* Debug */ = {
			isa = XCBuildConfiguration;
			buildSettings = {
				ALWAYS_SEARCH_USER_PATHS = NO;
				CLANG_ANALYZER_NONNULL = YES;
				CLANG_ANALYZER_NUMBER_OBJECT_CONVERSION = YES_AGGRESSIVE;
				CLANG_CXX_LANGUAGE_STANDARD = "gnu++0x";
				CLANG_CXX_LIBRARY = "libc++";
				CLANG_ENABLE_MODULES = YES;
				CLANG_ENABLE_OBJC_ARC = YES;
				CLANG_WARN_BOOL_CONVERSION = YES;
				CLANG_WARN_CONSTANT_CONVERSION = YES;
				CLANG_WARN_DIRECT_OBJC_ISA_USAGE = YES_ERROR;
				CLANG_WARN_DOCUMENTATION_COMMENTS = YES;
				CLANG_WARN_EMPTY_BODY = YES;
				CLANG_WARN_ENUM_CONVERSION = YES;
				CLANG_WARN_INFINITE_RECURSION = YES;
				CLANG_WARN_INT_CONVERSION = YES;
				CLANG_WARN_OBJC_ROOT_CLASS = YES_ERROR;
				CLANG_WARN_SUSPICIOUS_MOVE = YES;
				CLANG_WARN_UNREACHABLE_CODE = YES;
				CLANG_WARN__DUPLICATE_METHOD_MATCH = YES;
				"CODE_SIGN_IDENTITY[sdk=iphoneos*]" = "iPhone Developer";
				COPY_PHASE_STRIP = NO;
				DEBUG_INFORMATION_FORMAT = dwarf;
				ENABLE_STRICT_OBJC_MSGSEND = YES;
				ENABLE_TESTABILITY = YES;
				GCC_C_LANGUAGE_STANDARD = gnu99;
				GCC_DYNAMIC_NO_PIC = NO;
				GCC_NO_COMMON_BLOCKS = YES;
				GCC_OPTIMIZATION_LEVEL = 0;
				GCC_PREPROCESSOR_DEFINITIONS = (
					"DEBUG=1",
					"$(inherited)",
				);
				GCC_WARN_64_TO_32_BIT_CONVERSION = YES;
				GCC_WARN_ABOUT_RETURN_TYPE = YES_ERROR;
				GCC_WARN_UNDECLARED_SELECTOR = YES;
				GCC_WARN_UNINITIALIZED_AUTOS = YES_AGGRESSIVE;
				GCC_WARN_UNUSED_FUNCTION = YES;
				GCC_WARN_UNUSED_VARIABLE = YES;
				IPHONEOS_DEPLOYMENT_TARGET = 10.3;
				MTL_ENABLE_DEBUG_INFO = YES;
				ONLY_ACTIVE_ARCH = YES;
				SDKROOT = iphoneos;
				SWIFT_ACTIVE_COMPILATION_CONDITIONS = DEBUG;
				SWIFT_OPTIMIZATION_LEVEL = "-Onone";
			};
			name = Debug;
		};
		BCD161F51EB5926700066519 /* Release */ = {
			isa = XCBuildConfiguration;
			buildSettings = {
				ALWAYS_SEARCH_USER_PATHS = NO;
				CLANG_ANALYZER_NONNULL = YES;
				CLANG_ANALYZER_NUMBER_OBJECT_CONVERSION = YES_AGGRESSIVE;
				CLANG_CXX_LANGUAGE_STANDARD = "gnu++0x";
				CLANG_CXX_LIBRARY = "libc++";
				CLANG_ENABLE_MODULES = YES;
				CLANG_ENABLE_OBJC_ARC = YES;
				CLANG_WARN_BOOL_CONVERSION = YES;
				CLANG_WARN_CONSTANT_CONVERSION = YES;
				CLANG_WARN_DIRECT_OBJC_ISA_USAGE = YES_ERROR;
				CLANG_WARN_DOCUMENTATION_COMMENTS = YES;
				CLANG_WARN_EMPTY_BODY = YES;
				CLANG_WARN_ENUM_CONVERSION = YES;
				CLANG_WARN_INFINITE_RECURSION = YES;
				CLANG_WARN_INT_CONVERSION = YES;
				CLANG_WARN_OBJC_ROOT_CLASS = YES_ERROR;
				CLANG_WARN_SUSPICIOUS_MOVE = YES;
				CLANG_WARN_UNREACHABLE_CODE = YES;
				CLANG_WARN__DUPLICATE_METHOD_MATCH = YES;
				"CODE_SIGN_IDENTITY[sdk=iphoneos*]" = "iPhone Developer";
				COPY_PHASE_STRIP = NO;
				DEBUG_INFORMATION_FORMAT = "dwarf-with-dsym";
				ENABLE_NS_ASSERTIONS = NO;
				ENABLE_STRICT_OBJC_MSGSEND = YES;
				GCC_C_LANGUAGE_STANDARD = gnu99;
				GCC_NO_COMMON_BLOCKS = YES;
				GCC_WARN_64_TO_32_BIT_CONVERSION = YES;
				GCC_WARN_ABOUT_RETURN_TYPE = YES_ERROR;
				GCC_WARN_UNDECLARED_SELECTOR = YES;
				GCC_WARN_UNINITIALIZED_AUTOS = YES_AGGRESSIVE;
				GCC_WARN_UNUSED_FUNCTION = YES;
				GCC_WARN_UNUSED_VARIABLE = YES;
				IPHONEOS_DEPLOYMENT_TARGET = 10.3;
				MTL_ENABLE_DEBUG_INFO = NO;
				SDKROOT = iphoneos;
				SWIFT_OPTIMIZATION_LEVEL = "-Owholemodule";
				VALIDATE_PRODUCT = YES;
			};
			name = Release;
		};
		BCD161F71EB5926700066519 /* Debug */ = {
			isa = XCBuildConfiguration;
			buildSettings = {
				ASSETCATALOG_COMPILER_APPICON_NAME = AppIcon;
				INFOPLIST_FILE = Bowties/Info.plist;
				LD_RUNPATH_SEARCH_PATHS = "$(inherited) @executable_path/Frameworks";
				PRODUCT_BUNDLE_IDENTIFIER = com.dev.lamle.Bowties;
				PRODUCT_NAME = "$(TARGET_NAME)";
				SWIFT_VERSION = 3.0;
			};
			name = Debug;
		};
		BCD161F81EB5926700066519 /* Release */ = {
			isa = XCBuildConfiguration;
			buildSettings = {
				ASSETCATALOG_COMPILER_APPICON_NAME = AppIcon;
				INFOPLIST_FILE = Bowties/Info.plist;
				LD_RUNPATH_SEARCH_PATHS = "$(inherited) @executable_path/Frameworks";
				PRODUCT_BUNDLE_IDENTIFIER = com.dev.lamle.Bowties;
				PRODUCT_NAME = "$(TARGET_NAME)";
				SWIFT_VERSION = 3.0;
			};
			name = Release;
		};
/* End XCBuildConfiguration section */

/* Begin XCConfigurationList section */
		BCD161DC1EB5926700066519 /* Build configuration list for PBXProject "Bowties" */ = {
			isa = XCConfigurationList;
			buildConfigurations = (
				BCD161F41EB5926700066519 /* Debug */,
				BCD161F51EB5926700066519 /* Release */,
			);
			defaultConfigurationIsVisible = 0;
			defaultConfigurationName = Release;
		};
		BCD161F61EB5926700066519 /* Build configuration list for PBXNativeTarget "Bowties" */ = {
			isa = XCConfigurationList;
			buildConfigurations = (
				BCD161F71EB5926700066519 /* Debug */,
				BCD161F81EB5926700066519 /* Release */,
			);
			defaultConfigurationIsVisible = 0;
		};
/* End XCConfigurationList section */

/* Begin XCVersionGroup section */
		BCD161EB1EB5926700066519 /* Bowties.xcdatamodeld */ = {
			isa = XCVersionGroup;
			children = (
				BCD161EC1EB5926700066519 /* Bowties.xcdatamodel */,
			);
			currentVersion = BCD161EC1EB5926700066519 /* Bowties.xcdatamodel */;
			path = Bowties.xcdatamodeld;
			sourceTree = "<group>";
			versionGroupType = wrapper.xcdatamodel;
		};
/* End XCVersionGroup section */
	};
	rootObject = BCD161D91EB5926700066519 /* Project object */;
}
