// !$*UTF8*$!
{
	archiveVersion = 1;
	classes = {
	};
	objectVersion = 46;
	objects = {

/* Begin PBXBuildFile section */
		EFF42A3C1DE6A3260057A085 /* AppDelegate.swift in Sources */ = {isa = PBXBuildFile; fileRef = EFF42A3B1DE6A3260057A085 /* AppDelegate.swift */; };
		EFF42A431DE6A3260057A085 /* Assets.xcassets in Resources */ = {isa = PBXBuildFile; fileRef = EFF42A421DE6A3260057A085 /* Assets.xcassets */; };
		EFF42A461DE6A3260057A085 /* LaunchScreen.storyboard in Resources */ = {isa = PBXBuildFile; fileRef = EFF42A441DE6A3260057A085 /* LaunchScreen.storyboard */; };
		EFF42A4F1DE6A3340057A085 /* ViewController.swift in Sources */ = {isa = PBXBuildFile; fileRef = EFF42A4D1DE6A3340057A085 /* ViewController.swift */; };
		EFF42A501DE6A3340057A085 /* ViewController.xib in Resources */ = {isa = PBXBuildFile; fileRef = EFF42A4E1DE6A3340057A085 /* ViewController.xib */; };
/* End PBXBuildFile section */

/* Begin PBXFileReference section */
		EFF42A381DE6A3260057A085 /* ScrollViewReuses.app */ = {isa = PBXFileReference; explicitFileType = wrapper.application; includeInIndex = 0; path = ScrollViewReuses.app; sourceTree = BUILT_PRODUCTS_DIR; };
		EFF42A3B1DE6A3260057A085 /* AppDelegate.swift */ = {isa = PBXFileReference; lastKnownFileType = sourcecode.swift; path = AppDelegate.swift; sourceTree = "<group>"; };
		EFF42A421DE6A3260057A085 /* Assets.xcassets */ = {isa = PBXFileReference; lastKnownFileType = folder.assetcatalog; path = Assets.xcassets; sourceTree = "<group>"; };
		EFF42A451DE6A3260057A085 /* Base */ = {isa = PBXFileReference; lastKnownFileType = file.storyboard; name = Base; path = Base.lproj/LaunchScreen.storyboard; sourceTree = "<group>"; };
		EFF42A471DE6A3260057A085 /* Info.plist */ = {isa = PBXFileReference; lastKnownFileType = text.plist.xml; path = Info.plist; sourceTree = "<group>"; };
		EFF42A4D1DE6A3340057A085 /* ViewController.swift */ = {isa = PBXFileReference; fileEncoding = 4; lastKnownFileType = sourcecode.swift; path = ViewController.swift; sourceTree = "<group>"; };
		EFF42A4E1DE6A3340057A085 /* ViewController.xib */ = {isa = PBXFileReference; fileEncoding = 4; lastKnownFileType = file.xib; path = ViewController.xib; sourceTree = "<group>"; };
/* End PBXFileReference section */

/* Begin PBXFrameworksBuildPhase section */
		EFF42A351DE6A3260057A085 /* Frameworks */ = {
			isa = PBXFrameworksBuildPhase;
			buildActionMask = 2147483647;
			files = (
			);
			runOnlyForDeploymentPostprocessing = 0;
		};
/* End PBXFrameworksBuildPhase section */

/* Begin PBXGroup section */
		EFF42A2F1DE6A3260057A085 = {
			isa = PBXGroup;
			children = (
				EFF42A3A1DE6A3260057A085 /* ScrollViewReuses */,
				EFF42A391DE6A3260057A085 /* Products */,
			);
			sourceTree = "<group>";
		};
		EFF42A391DE6A3260057A085 /* Products */ = {
			isa = PBXGroup;
			children = (
				EFF42A381DE6A3260057A085 /* ScrollViewReuses.app */,
			);
			name = Products;
			sourceTree = "<group>";
		};
		EFF42A3A1DE6A3260057A085 /* ScrollViewReuses */ = {
			isa = PBXGroup;
			children = (
				EFF42A3B1DE6A3260057A085 /* AppDelegate.swift */,
				EFF42A4D1DE6A3340057A085 /* ViewController.swift */,
				EFF42A4E1DE6A3340057A085 /* ViewController.xib */,
				EFF42A421DE6A3260057A085 /* Assets.xcassets */,
				EFF42A441DE6A3260057A085 /* LaunchScreen.storyboard */,
				EFF42A471DE6A3260057A085 /* Info.plist */,
			);
			path = ScrollViewReuses;
			sourceTree = "<group>";
		};
/* End PBXGroup section */

/* Begin PBXNativeTarget section */
		EFF42A371DE6A3260057A085 /* ScrollViewReuses */ = {
			isa = PBXNativeTarget;
			buildConfigurationList = EFF42A4A1DE6A3260057A085 /* Build configuration list for PBXNativeTarget "ScrollViewReuses" */;
			buildPhases = (
				EFF42A341DE6A3260057A085 /* Sources */,
				EFF42A351DE6A3260057A085 /* Frameworks */,
				EFF42A361DE6A3260057A085 /* Resources */,
			);
			buildRules = (
			);
			dependencies = (
			);
			name = ScrollViewReuses;
			productName = ScrollViewReuses;
			productReference = EFF42A381DE6A3260057A085 /* ScrollViewReuses.app */;
			productType = "com.apple.product-type.application";
		};
/* End PBXNativeTarget section */

/* Begin PBXProject section */
		EFF42A301DE6A3260057A085 /* Project object */ = {
			isa = PBXProject;
			attributes = {
				LastSwiftUpdateCheck = 0730;
				LastUpgradeCheck = 0730;
				ORGANIZATIONNAME = "Asian TechAsian Tech";
				TargetAttributes = {
					EFF42A371DE6A3260057A085 = {
						CreatedOnToolsVersion = 7.3.1;
					};
				};
			};
			buildConfigurationList = EFF42A331DE6A3260057A085 /* Build configuration list for PBXProject "ScrollViewReuses" */;
			compatibilityVersion = "Xcode 3.2";
			developmentRegion = English;
			hasScannedForEncodings = 0;
			knownRegions = (
				en,
				Base,
			);
			mainGroup = EFF42A2F1DE6A3260057A085;
			productRefGroup = EFF42A391DE6A3260057A085 /* Products */;
			projectDirPath = "";
			projectRoot = "";
			targets = (
				EFF42A371DE6A3260057A085 /* ScrollViewReuses */,
			);
		};
/* End PBXProject section */

/* Begin PBXResourcesBuildPhase section */
		EFF42A361DE6A3260057A085 /* Resources */ = {
			isa = PBXResourcesBuildPhase;
			buildActionMask = 2147483647;
			files = (
				EFF42A461DE6A3260057A085 /* LaunchScreen.storyboard in Resources */,
				EFF42A501DE6A3340057A085 /* ViewController.xib in Resources */,
				EFF42A431DE6A3260057A085 /* Assets.xcassets in Resources */,
			);
			runOnlyForDeploymentPostprocessing = 0;
		};
/* End PBXResourcesBuildPhase section */

/* Begin PBXSourcesBuildPhase section */
		EFF42A341DE6A3260057A085 /* Sources */ = {
			isa = PBXSourcesBuildPhase;
			buildActionMask = 2147483647;
			files = (
				EFF42A4F1DE6A3340057A085 /* ViewController.swift in Sources */,
				EFF42A3C1DE6A3260057A085 /* AppDelegate.swift in Sources */,
			);
			runOnlyForDeploymentPostprocessing = 0;
		};
/* End PBXSourcesBuildPhase section */

/* Begin PBXVariantGroup section */
		EFF42A441DE6A3260057A085 /* LaunchScreen.storyboard */ = {
			isa = PBXVariantGroup;
			children = (
				EFF42A451DE6A3260057A085 /* Base */,
			);
			name = LaunchScreen.storyboard;
			sourceTree = "<group>";
		};
/* End PBXVariantGroup section */

/* Begin XCBuildConfiguration section */
		EFF42A481DE6A3260057A085 /* Debug */ = {
			isa = XCBuildConfiguration;
			buildSettings = {
				ALWAYS_SEARCH_USER_PATHS = NO;
				CLANG_ANALYZER_NONNULL = YES;
				CLANG_CXX_LANGUAGE_STANDARD = "gnu++0x";
				CLANG_CXX_LIBRARY = "libc++";
				CLANG_ENABLE_MODULES = YES;
				CLANG_ENABLE_OBJC_ARC = YES;
				CLANG_WARN_BOOL_CONVERSION = YES;
				CLANG_WARN_CONSTANT_CONVERSION = YES;
				CLANG_WARN_DIRECT_OBJC_ISA_USAGE = YES_ERROR;
				CLANG_WARN_EMPTY_BODY = YES;
				CLANG_WARN_ENUM_CONVERSION = YES;
				CLANG_WARN_INT_CONVERSION = YES;
				CLANG_WARN_OBJC_ROOT_CLASS = YES_ERROR;
				CLANG_WARN_UNREACHABLE_CODE = YES;
				CLANG_WARN__DUPLICATE_METHOD_MATCH = YES;
				"CODE_SIGN_IDENTITY[sdk=iphoneos*]" = "iPhone Developer";
				COPY_PHASE_STRIP = NO;
				DEBUG_INFORMATION_FORMAT = dwarf;
				ENABLE_STRICT_OBJC_MSGSEND = YES;
				ENABLE_TESTABILITY = YES;
				GCC_C_LANGUAGE_STANDARD = gnu99;
				GCC_DYNAMIC_NO_PIC = NO;
				GCC_NO_COMMON_BLOCKS = YES;
				GCC_OPTIMIZATION_LEVEL = 0;
				GCC_PREPROCESSOR_DEFINITIONS = (
					"DEBUG=1",
					"$(inherited)",
				);
				GCC_WARN_64_TO_32_BIT_CONVERSION = YES;
				GCC_WARN_ABOUT_RETURN_TYPE = YES_ERROR;
				GCC_WARN_UNDECLARED_SELECTOR = YES;
				GCC_WARN_UNINITIALIZED_AUTOS = YES_AGGRESSIVE;
				GCC_WARN_UNUSED_FUNCTION = YES;
				GCC_WARN_UNUSED_VARIABLE = YES;
				IPHONEOS_DEPLOYMENT_TARGET = 9.3;
				MTL_ENABLE_DEBUG_INFO = YES;
				ONLY_ACTIVE_ARCH = YES;
				SDKROOT = iphoneos;
				SWIFT_OPTIMIZATION_LEVEL = "-Onone";
			};
			name = Debug;
		};
		EFF42A491DE6A3260057A085 /* Release */ = {
			isa = XCBuildConfiguration;
			buildSettings = {
				ALWAYS_SEARCH_USER_PATHS = NO;
				CLANG_ANALYZER_NONNULL = YES;
				CLANG_CXX_LANGUAGE_STANDARD = "gnu++0x";
				CLANG_CXX_LIBRARY = "libc++";
				CLANG_ENABLE_MODULES = YES;
				CLANG_ENABLE_OBJC_ARC = YES;
				CLANG_WARN_BOOL_CONVERSION = YES;
				CLANG_WARN_CONSTANT_CONVERSION = YES;
				CLANG_WARN_DIRECT_OBJC_ISA_USAGE = YES_ERROR;
				CLANG_WARN_EMPTY_BODY = YES;
				CLANG_WARN_ENUM_CONVERSION = YES;
				CLANG_WARN_INT_CONVERSION = YES;
				CLANG_WARN_OBJC_ROOT_CLASS = YES_ERROR;
				CLANG_WARN_UNREACHABLE_CODE = YES;
				CLANG_WARN__DUPLICATE_METHOD_MATCH = YES;
				"CODE_SIGN_IDENTITY[sdk=iphoneos*]" = "iPhone Developer";
				COPY_PHASE_STRIP = NO;
				DEBUG_INFORMATION_FORMAT = "dwarf-with-dsym";
				ENABLE_NS_ASSERTIONS = NO;
				ENABLE_STRICT_OBJC_MSGSEND = YES;
				GCC_C_LANGUAGE_STANDARD = gnu99;
				GCC_NO_COMMON_BLOCKS = YES;
				GCC_WARN_64_TO_32_BIT_CONVERSION = YES;
				GCC_WARN_ABOUT_RETURN_TYPE = YES_ERROR;
				GCC_WARN_UNDECLARED_SELECTOR = YES;
				GCC_WARN_UNINITIALIZED_AUTOS = YES_AGGRESSIVE;
				GCC_WARN_UNUSED_FUNCTION = YES;
				GCC_WARN_UNUSED_VARIABLE = YES;
				IPHONEOS_DEPLOYMENT_TARGET = 9.3;
				MTL_ENABLE_DEBUG_INFO = NO;
				SDKROOT = iphoneos;
				VALIDATE_PRODUCT = YES;
			};
			name = Release;
		};
		EFF42A4B1DE6A3260057A085 /* Debug */ = {
			isa = XCBuildConfiguration;
			buildSettings = {
				ASSETCATALOG_COMPILER_APPICON_NAME = AppIcon;
				INFOPLIST_FILE = ScrollViewReuses/Info.plist;
				LD_RUNPATH_SEARCH_PATHS = "$(inherited) @executable_path/Frameworks";
				PRODUCT_BUNDLE_IDENTIFIER = com.asiantech.dev.ScrollViewReuses;
				PRODUCT_NAME = "$(TARGET_NAME)";
			};
			name = Debug;
		};
		EFF42A4C1DE6A3260057A085 /* Release */ = {
			isa = XCBuildConfiguration;
			buildSettings = {
				ASSETCATALOG_COMPILER_APPICON_NAME = AppIcon;
				INFOPLIST_FILE = ScrollViewReuses/Info.plist;
				LD_RUNPATH_SEARCH_PATHS = "$(inherited) @executable_path/Frameworks";
				PRODUCT_BUNDLE_IDENTIFIER = com.asiantech.dev.ScrollViewReuses;
				PRODUCT_NAME = "$(TARGET_NAME)";
			};
			name = Release;
		};
/* End XCBuildConfiguration section */

/* Begin XCConfigurationList section */
		EFF42A331DE6A3260057A085 /* Build configuration list for PBXProject "ScrollViewReuses" */ = {
			isa = XCConfigurationList;
			buildConfigurations = (
				EFF42A481DE6A3260057A085 /* Debug */,
				EFF42A491DE6A3260057A085 /* Release */,
			);
			defaultConfigurationIsVisible = 0;
			defaultConfigurationName = Release;
		};
		EFF42A4A1DE6A3260057A085 /* Build configuration list for PBXNativeTarget "ScrollViewReuses" */ = {
			isa = XCConfigurationList;
			buildConfigurations = (
				EFF42A4B1DE6A3260057A085 /* Debug */,
				EFF42A4C1DE6A3260057A085 /* Release */,
			);
			defaultConfigurationIsVisible = 0;
		};
/* End XCConfigurationList section */
	};
	rootObject = EFF42A301DE6A3260057A085 /* Project object */;
}
